// !$*UTF8*$!
{
	archiveVersion = 1;
	classes = {
	};
	objectVersion = 48;
	objects = {

/* Begin PBXBuildFile section */
		83C20A2C1F8E352F00257D28 /* AppDelegate.m in Sources */ = {isa = PBXBuildFile; fileRef = 83C20A2B1F8E352F00257D28 /* AppDelegate.m */; };
		83C20A2F1F8E352F00257D28 /* ViewController.m in Sources */ = {isa = PBXBuildFile; fileRef = 83C20A2E1F8E352F00257D28 /* ViewController.m */; };
		83C20A321F8E352F00257D28 /* Main.storyboard in Resources */ = {isa = PBXBuildFile; fileRef = 83C20A301F8E352F00257D28 /* Main.storyboard */; };
		83C20A341F8E352F00257D28 /* Assets.xcassets in Resources */ = {isa = PBXBuildFile; fileRef = 83C20A331F8E352F00257D28 /* Assets.xcassets */; };
		83C20A371F8E352F00257D28 /* LaunchScreen.storyboard in Resources */ = {isa = PBXBuildFile; fileRef = 83C20A351F8E352F00257D28 /* LaunchScreen.storyboard */; };
		83C20A3A1F8E352F00257D28 /* main.m in Sources */ = {isa = PBXBuildFile; fileRef = 83C20A391F8E352F00257D28 /* main.m */; };
		83E180791F94D431006CCAA0 /* RHNLDAService.m in Sources */ = {isa = PBXBuildFile; fileRef = 83E180711F94D431006CCAA0 /* RHNLDAService.m */; };
		83E1807A1F94D431006CCAA0 /* RHSSDPSearchModel.m in Sources */ = {isa = PBXBuildFile; fileRef = 83E180731F94D431006CCAA0 /* RHSSDPSearchModel.m */; };
		83E1807B1F94D431006CCAA0 /* RHUdpConnection.m in Sources */ = {isa = PBXBuildFile; fileRef = 83E180751F94D431006CCAA0 /* RHUdpConnection.m */; };
		83E1807C1F94D431006CCAA0 /* GCDAsyncUdpSocket.m in Sources */ = {isa = PBXBuildFile; fileRef = 83E180781F94D431006CCAA0 /* GCDAsyncUdpSocket.m */; };
		83E180821F94DDB3006CCAA0 /* RHUPnPDevice.m in Sources */ = {isa = PBXBuildFile; fileRef = 83E180811F94DDB3006CCAA0 /* RHUPnPDevice.m */; };
/* End PBXBuildFile section */

/* Begin PBXFileReference section */
		83C20A271F8E352F00257D28 /* DLNAClient.app */ = {isa = PBXFileReference; explicitFileType = wrapper.application; includeInIndex = 0; path = DLNAClient.app; sourceTree = BUILT_PRODUCTS_DIR; };
		83C20A2A1F8E352F00257D28 /* AppDelegate.h */ = {isa = PBXFileReference; lastKnownFileType = sourcecode.c.h; path = AppDelegate.h; sourceTree = "<group>"; };
		83C20A2B1F8E352F00257D28 /* AppDelegate.m */ = {isa = PBXFileReference; lastKnownFileType = sourcecode.c.objc; path = AppDelegate.m; sourceTree = "<group>"; };
		83C20A2D1F8E352F00257D28 /* ViewController.h */ = {isa = PBXFileReference; lastKnownFileType = sourcecode.c.h; path = ViewController.h; sourceTree = "<group>"; };
		83C20A2E1F8E352F00257D28 /* ViewController.m */ = {isa = PBXFileReference; lastKnownFileType = sourcecode.c.objc; path = ViewController.m; sourceTree = "<group>"; };
		83C20A311F8E352F00257D28 /* Base */ = {isa = PBXFileReference; lastKnownFileType = file.storyboard; name = Base; path = Base.lproj/Main.storyboard; sourceTree = "<group>"; };
		83C20A331F8E352F00257D28 /* Assets.xcassets */ = {isa = PBXFileReference; lastKnownFileType = folder.assetcatalog; path = Assets.xcassets; sourceTree = "<group>"; };
		83C20A361F8E352F00257D28 /* Base */ = {isa = PBXFileReference; lastKnownFileType = file.storyboard; name = Base; path = Base.lproj/LaunchScreen.storyboard; sourceTree = "<group>"; };
		83C20A381F8E352F00257D28 /* Info.plist */ = {isa = PBXFileReference; lastKnownFileType = text.plist.xml; path = Info.plist; sourceTree = "<group>"; };
		83C20A391F8E352F00257D28 /* main.m */ = {isa = PBXFileReference; lastKnownFileType = sourcecode.c.objc; path = main.m; sourceTree = "<group>"; };
		83E180701F94D431006CCAA0 /* RHNLDAService.h */ = {isa = PBXFileReference; fileEncoding = 4; lastKnownFileType = sourcecode.c.h; path = RHNLDAService.h; sourceTree = "<group>"; };
		83E180711F94D431006CCAA0 /* RHNLDAService.m */ = {isa = PBXFileReference; fileEncoding = 4; lastKnownFileType = sourcecode.c.objc; path = RHNLDAService.m; sourceTree = "<group>"; };
		83E180721F94D431006CCAA0 /* RHSSDPSearchModel.h */ = {isa = PBXFileReference; fileEncoding = 4; lastKnownFileType = sourcecode.c.h; path = RHSSDPSearchModel.h; sourceTree = "<group>"; };
		83E180731F94D431006CCAA0 /* RHSSDPSearchModel.m */ = {isa = PBXFileReference; fileEncoding = 4; lastKnownFileType = sourcecode.c.objc; path = RHSSDPSearchModel.m; sourceTree = "<group>"; };
		83E180741F94D431006CCAA0 /* RHUdpConnection.h */ = {isa = PBXFileReference; fileEncoding = 4; lastKnownFileType = sourcecode.c.h; path = RHUdpConnection.h; sourceTree = "<group>"; };
		83E180751F94D431006CCAA0 /* RHUdpConnection.m */ = {isa = PBXFileReference; fileEncoding = 4; lastKnownFileType = sourcecode.c.objc; path = RHUdpConnection.m; sourceTree = "<group>"; };
		83E180771F94D431006CCAA0 /* GCDAsyncUdpSocket.h */ = {isa = PBXFileReference; fileEncoding = 4; lastKnownFileType = sourcecode.c.h; path = GCDAsyncUdpSocket.h; sourceTree = "<group>"; };
		83E180781F94D431006CCAA0 /* GCDAsyncUdpSocket.m */ = {isa = PBXFileReference; fileEncoding = 4; lastKnownFileType = sourcecode.c.objc; path = GCDAsyncUdpSocket.m; sourceTree = "<group>"; };
		83E180801F94DDB3006CCAA0 /* RHUPnPDevice.h */ = {isa = PBXFileReference; lastKnownFileType = sourcecode.c.h; path = RHUPnPDevice.h; sourceTree = "<group>"; };
		83E180811F94DDB3006CCAA0 /* RHUPnPDevice.m */ = {isa = PBXFileReference; lastKnownFileType = sourcecode.c.objc; path = RHUPnPDevice.m; sourceTree = "<group>"; };
/* End PBXFileReference section */

/* Begin PBXFrameworksBuildPhase section */
		83C20A241F8E352F00257D28 /* Frameworks */ = {
			isa = PBXFrameworksBuildPhase;
			buildActionMask = 2147483647;
			files = (
			);
			runOnlyForDeploymentPostprocessing = 0;
		};
/* End PBXFrameworksBuildPhase section */

/* Begin PBXGroup section */
		83C20A1E1F8E352F00257D28 = {
			isa = PBXGroup;
			children = (
				83E1806F1F94D431006CCAA0 /* Classes */,
				83C20A291F8E352F00257D28 /* DLNAClient */,
				83C20A281F8E352F00257D28 /* Products */,
			);
			sourceTree = "<group>";
		};
		83C20A281F8E352F00257D28 /* Products */ = {
			isa = PBXGroup;
			children = (
				83C20A271F8E352F00257D28 /* DLNAClient.app */,
			);
			name = Products;
			sourceTree = "<group>";
		};
		83C20A291F8E352F00257D28 /* DLNAClient */ = {
			isa = PBXGroup;
			children = (
				83C20A2A1F8E352F00257D28 /* AppDelegate.h */,
				83C20A2B1F8E352F00257D28 /* AppDelegate.m */,
				83C20A2D1F8E352F00257D28 /* ViewController.h */,
				83C20A2E1F8E352F00257D28 /* ViewController.m */,
				83C20A301F8E352F00257D28 /* Main.storyboard */,
				83C20A331F8E352F00257D28 /* Assets.xcassets */,
				83C20A351F8E352F00257D28 /* LaunchScreen.storyboard */,
				83C20A381F8E352F00257D28 /* Info.plist */,
				83C20A391F8E352F00257D28 /* main.m */,
			);
			path = DLNAClient;
			sourceTree = "<group>";
		};
		83E1806F1F94D431006CCAA0 /* Classes */ = {
			isa = PBXGroup;
			children = (
				83E180701F94D431006CCAA0 /* RHNLDAService.h */,
				83E180711F94D431006CCAA0 /* RHNLDAService.m */,
				83E180721F94D431006CCAA0 /* RHSSDPSearchModel.h */,
				83E180731F94D431006CCAA0 /* RHSSDPSearchModel.m */,
				83E180741F94D431006CCAA0 /* RHUdpConnection.h */,
				83E180751F94D431006CCAA0 /* RHUdpConnection.m */,
				83E180761F94D431006CCAA0 /* Vendor */,
				83E180801F94DDB3006CCAA0 /* RHUPnPDevice.h */,
				83E180811F94DDB3006CCAA0 /* RHUPnPDevice.m */,
			);
			name = Classes;
			path = ../Classes;
			sourceTree = "<group>";
		};
		83E180761F94D431006CCAA0 /* Vendor */ = {
			isa = PBXGroup;
			children = (
				83E180771F94D431006CCAA0 /* GCDAsyncUdpSocket.h */,
				83E180781F94D431006CCAA0 /* GCDAsyncUdpSocket.m */,
			);
			path = Vendor;
			sourceTree = "<group>";
		};
/* End PBXGroup section */

/* Begin PBXNativeTarget section */
		83C20A261F8E352F00257D28 /* DLNAClient */ = {
			isa = PBXNativeTarget;
			buildConfigurationList = 83C20A3D1F8E352F00257D28 /* Build configuration list for PBXNativeTarget "DLNAClient" */;
			buildPhases = (
				83C20A231F8E352F00257D28 /* Sources */,
				83C20A241F8E352F00257D28 /* Frameworks */,
				83C20A251F8E352F00257D28 /* Resources */,
			);
			buildRules = (
			);
			dependencies = (
			);
			name = DLNAClient;
			productName = DLNAClient;
			productReference = 83C20A271F8E352F00257D28 /* DLNAClient.app */;
			productType = "com.apple.product-type.application";
		};
/* End PBXNativeTarget section */

/* Begin PBXProject section */
		83C20A1F1F8E352F00257D28 /* Project object */ = {
			isa = PBXProject;
			attributes = {
				LastUpgradeCheck = 0900;
				ORGANIZATIONNAME = zhuruhong;
				TargetAttributes = {
					83C20A261F8E352F00257D28 = {
						CreatedOnToolsVersion = 9.0;
						ProvisioningStyle = Automatic;
					};
				};
			};
			buildConfigurationList = 83C20A221F8E352F00257D28 /* Build configuration list for PBXProject "DLNAClient" */;
			compatibilityVersion = "Xcode 8.0";
			developmentRegion = en;
			hasScannedForEncodings = 0;
			knownRegions = (
				en,
				Base,
			);
			mainGroup = 83C20A1E1F8E352F00257D28;
			productRefGroup = 83C20A281F8E352F00257D28 /* Products */;
			projectDirPath = "";
			projectRoot = "";
			targets = (
				83C20A261F8E352F00257D28 /* DLNAClient */,
			);
		};
/* End PBXProject section */

/* Begin PBXResourcesBuildPhase section */
		83C20A251F8E352F00257D28 /* Resources */ = {
			isa = PBXResourcesBuildPhase;
			buildActionMask = 2147483647;
			files = (
				83C20A371F8E352F00257D28 /* LaunchScreen.storyboard in Resources */,
				83C20A341F8E352F00257D28 /* Assets.xcassets in Resources */,
				83C20A321F8E352F00257D28 /* Main.storyboard in Resources */,
			);
			runOnlyForDeploymentPostprocessing = 0;
		};
/* End PBXResourcesBuildPhase section */

/* Begin PBXSourcesBuildPhase section */
		83C20A231F8E352F00257D28 /* Sources */ = {
			isa = PBXSourcesBuildPhase;
			buildActionMask = 2147483647;
			files = (
				83E180821F94DDB3006CCAA0 /* RHUPnPDevice.m in Sources */,
				83E180791F94D431006CCAA0 /* RHNLDAService.m in Sources */,
				83E1807B1F94D431006CCAA0 /* RHUdpConnection.m in Sources */,
				83C20A2F1F8E352F00257D28 /* ViewController.m in Sources */,
				83C20A3A1F8E352F00257D28 /* main.m in Sources */,
				83E1807C1F94D431006CCAA0 /* GCDAsyncUdpSocket.m in Sources */,
				83E1807A1F94D431006CCAA0 /* RHSSDPSearchModel.m in Sources */,
				83C20A2C1F8E352F00257D28 /* AppDelegate.m in Sources */,
			);
			runOnlyForDeploymentPostprocessing = 0;
		};
/* End PBXSourcesBuildPhase section */

/* Begin PBXVariantGroup section */
		83C20A301F8E352F00257D28 /* Main.storyboard */ = {
			isa = PBXVariantGroup;
			children = (
				83C20A311F8E352F00257D28 /* Base */,
			);
			name = Main.storyboard;
			sourceTree = "<group>";
		};
		83C20A351F8E352F00257D28 /* LaunchScreen.storyboard */ = {
			isa = PBXVariantGroup;
			children = (
				83C20A361F8E352F00257D28 /* Base */,
			);
			name = LaunchScreen.storyboard;
			sourceTree = "<group>";
		};
/* End PBXVariantGroup section */

/* Begin XCBuildConfiguration section */
		83C20A3B1F8E352F00257D28 /* Debug */ = {
			isa = XCBuildConfiguration;
			buildSettings = {
				ALWAYS_SEARCH_USER_PATHS = NO;
				CLANG_ANALYZER_NONNULL = YES;
				CLANG_ANALYZER_NUMBER_OBJECT_CONVERSION = YES_AGGRESSIVE;
				CLANG_CXX_LANGUAGE_STANDARD = "gnu++14";
				CLANG_CXX_LIBRARY = "libc++";
				CLANG_ENABLE_MODULES = YES;
				CLANG_ENABLE_OBJC_ARC = YES;
				CLANG_WARN_BLOCK_CAPTURE_AUTORELEASING = YES;
				CLANG_WARN_BOOL_CONVERSION = YES;
				CLANG_WARN_COMMA = YES;
				CLANG_WARN_CONSTANT_CONVERSION = YES;
				CLANG_WARN_DIRECT_OBJC_ISA_USAGE = YES_ERROR;
				CLANG_WARN_DOCUMENTATION_COMMENTS = YES;
				CLANG_WARN_EMPTY_BODY = YES;
				CLANG_WARN_ENUM_CONVERSION = YES;
				CLANG_WARN_INFINITE_RECURSION = YES;
				CLANG_WARN_INT_CONVERSION = YES;
				CLANG_WARN_NON_LITERAL_NULL_CONVERSION = YES;
				CLANG_WARN_OBJC_LITERAL_CONVERSION = YES;
				CLANG_WARN_OBJC_ROOT_CLASS = YES_ERROR;
				CLANG_WARN_RANGE_LOOP_ANALYSIS = YES;
				CLANG_WARN_STRICT_PROTOTYPES = YES;
				CLANG_WARN_SUSPICIOUS_MOVE = YES;
				CLANG_WARN_UNGUARDED_AVAILABILITY = YES_AGGRESSIVE;
				CLANG_WARN_UNREACHABLE_CODE = YES;
				CLANG_WARN__DUPLICATE_METHOD_MATCH = YES;
				CODE_SIGN_IDENTITY = "iPhone Developer";
				COPY_PHASE_STRIP = NO;
				DEBUG_INFORMATION_FORMAT = dwarf;
				ENABLE_STRICT_OBJC_MSGSEND = YES;
				ENABLE_TESTABILITY = YES;
				GCC_C_LANGUAGE_STANDARD = gnu11;
				GCC_DYNAMIC_NO_PIC = NO;
				GCC_NO_COMMON_BLOCKS = YES;
				GCC_OPTIMIZATION_LEVEL = 0;
				GCC_PREPROCESSOR_DEFINITIONS = (
					"DEBUG=1",
					"$(inherited)",
				);
				GCC_WARN_64_TO_32_BIT_CONVERSION = YES;
				GCC_WARN_ABOUT_RETURN_TYPE = YES_ERROR;
				GCC_WARN_UNDECLARED_SELECTOR = YES;
				GCC_WARN_UNINITIALIZED_AUTOS = YES_AGGRESSIVE;
				GCC_WARN_UNUSED_FUNCTION = YES;
				GCC_WARN_UNUSED_VARIABLE = YES;
				IPHONEOS_DEPLOYMENT_TARGET = 9.0;
				MTL_ENABLE_DEBUG_INFO = YES;
				ONLY_ACTIVE_ARCH = YES;
				SDKROOT = iphoneos;
			};
			name = Debug;
		};
		83C20A3C1F8E352F00257D28 /* Release */ = {
			isa = XCBuildConfiguration;
			buildSettings = {
				ALWAYS_SEARCH_USER_PATHS = NO;
				CLANG_ANALYZER_NONNULL = YES;
				CLANG_ANALYZER_NUMBER_OBJECT_CONVERSION = YES_AGGRESSIVE;
				CLANG_CXX_LANGUAGE_STANDARD = "gnu++14";
				CLANG_CXX_LIBRARY = "libc++";
				CLANG_ENABLE_MODULES = YES;
				CLANG_ENABLE_OBJC_ARC = YES;
				CLANG_WARN_BLOCK_CAPTURE_AUTORELEASING = YES;
				CLANG_WARN_BOOL_CONVERSION = YES;
				CLANG_WARN_COMMA = YES;
				CLANG_WARN_CONSTANT_CONVERSION = YES;
				CLANG_WARN_DIRECT_OBJC_ISA_USAGE = YES_ERROR;
				CLANG_WARN_DOCUMENTATION_COMMENTS = YES;
				CLANG_WARN_EMPTY_BODY = YES;
				CLANG_WARN_ENUM_CONVERSION = YES;
				CLANG_WARN_INFINITE_RECURSION = YES;
				CLANG_WARN_INT_CONVERSION = YES;
				CLANG_WARN_NON_LITERAL_NULL_CONVERSION = YES;
				CLANG_WARN_OBJC_LITERAL_CONVERSION = YES;
				CLANG_WARN_OBJC_ROOT_CLASS = YES_ERROR;
				CLANG_WARN_RANGE_LOOP_ANALYSIS = YES;
				CLANG_WARN_STRICT_PROTOTYPES = YES;
				CLANG_WARN_SUSPICIOUS_MOVE = YES;
				CLANG_WARN_UNGUARDED_AVAILABILITY = YES_AGGRESSIVE;
				CLANG_WARN_UNREACHABLE_CODE = YES;
				CLANG_WARN__DUPLICATE_METHOD_MATCH = YES;
				CODE_SIGN_IDENTITY = "iPhone Developer";
				COPY_PHASE_STRIP = NO;
				DEBUG_INFORMATION_FORMAT = "dwarf-with-dsym";
				ENABLE_NS_ASSERTIONS = NO;
				ENABLE_STRICT_OBJC_MSGSEND = YES;
				GCC_C_LANGUAGE_STANDARD = gnu11;
				GCC_NO_COMMON_BLOCKS = YES;
				GCC_WARN_64_TO_32_BIT_CONVERSION = YES;
				GCC_WARN_ABOUT_RETURN_TYPE = YES_ERROR;
				GCC_WARN_UNDECLARED_SELECTOR = YES;
				GCC_WARN_UNINITIALIZED_AUTOS = YES_AGGRESSIVE;
				GCC_WARN_UNUSED_FUNCTION = YES;
				GCC_WARN_UNUSED_VARIABLE = YES;
				IPHONEOS_DEPLOYMENT_TARGET = 9.0;
				MTL_ENABLE_DEBUG_INFO = NO;
				SDKROOT = iphoneos;
				VALIDATE_PRODUCT = YES;
			};
			name = Release;
		};
		83C20A3E1F8E352F00257D28 /* Debug */ = {
			isa = XCBuildConfiguration;
			buildSettings = {
				ASSETCATALOG_COMPILER_APPICON_NAME = AppIcon;
				CODE_SIGN_STYLE = Automatic;
				DEVELOPMENT_TEAM = 764XM498XX;
				INFOPLIST_FILE = DLNAClient/Info.plist;
				LD_RUNPATH_SEARCH_PATHS = "$(inherited) @executable_path/Frameworks";
				PRODUCT_BUNDLE_IDENTIFIER = com.zrh.test.DLNAClient;
				PRODUCT_NAME = "$(TARGET_NAME)";
				TARGETED_DEVICE_FAMILY = "1,2";
			};
			name = Debug;
		};
		83C20A3F1F8E352F00257D28 /* Release */ = {
			isa = XCBuildConfiguration;
			buildSettings = {
				ASSETCATALOG_COMPILER_APPICON_NAME = AppIcon;
				CODE_SIGN_STYLE = Automatic;
				DEVELOPMENT_TEAM = 764XM498XX;
				INFOPLIST_FILE = DLNAClient/Info.plist;
				LD_RUNPATH_SEARCH_PATHS = "$(inherited) @executable_path/Frameworks";
				PRODUCT_BUNDLE_IDENTIFIER = com.zrh.test.DLNAClient;
				PRODUCT_NAME = "$(TARGET_NAME)";
				TARGETED_DEVICE_FAMILY = "1,2";
			};
			name = Release;
		};
/* End XCBuildConfiguration section */

/* Begin XCConfigurationList section */
		83C20A221F8E352F00257D28 /* Build configuration list for PBXProject "DLNAClient" */ = {
			isa = XCConfigurationList;
			buildConfigurations = (
				83C20A3B1F8E352F00257D28 /* Debug */,
				83C20A3C1F8E352F00257D28 /* Release */,
			);
			defaultConfigurationIsVisible = 0;
			defaultConfigurationName = Release;
		};
		83C20A3D1F8E352F00257D28 /* Build configuration list for PBXNativeTarget "DLNAClient" */ = {
			isa = XCConfigurationList;
			buildConfigurations = (
				83C20A3E1F8E352F00257D28 /* Debug */,
				83C20A3F1F8E352F00257D28 /* Release */,
			);
			defaultConfigurationIsVisible = 0;
			defaultConfigurationName = Release;
		};
/* End XCConfigurationList section */
	};
	rootObject = 83C20A1F1F8E352F00257D28 /* Project object */;
}
